
Microsoft Visual Studio Solution File, Format Version 12.00
# Visual Studio Version 17
VisualStudioVersion = 17.10.35004.147
MinimumVisualStudioVersion = 10.0.40219.1
Project("{FAE04EC0-301F-11D3-BF4B-00C04F79EFBC}") = "webtemp-api", "webtemp-api.csproj", "{70A29A61-0D34-485D-B491-73FAA9395776}"
EndProject
Global
	GlobalSection(SolutionConfigurationPlatforms) = preSolution
		Debug|Any CPU = Debug|Any CPU
		Release|Any CPU = Release|Any CPU
	EndGlobalSection
	GlobalSection(ProjectConfigurationPlatforms) = postSolution
		{70A29A61-0D34-485D-B491-73FAA9395776}.Debug|Any CPU.ActiveCfg = Debug|Any CPU
		{70A29A61-0D34-485D-B491-73FAA9395776}.Debug|Any CPU.Build.0 = Debug|Any CPU
		{70A29A61-0D34-485D-B491-73FAA9395776}.Release|Any CPU.ActiveCfg = Release|Any CPU
		{70A29A61-0D34-485D-B491-73FAA9395776}.Release|Any CPU.Build.0 = Release|Any CPU
	EndGlobalSection
	GlobalSection(SolutionProperties) = preSolution
		HideSolutionNode = FALSE
	EndGlobalSection
	GlobalSection(ExtensibilityGlobals) = postSolution
		SolutionGuid = {5CE9123E-2612-4B28-9BAE-151BD2AA754F}
	EndGlobalSection
EndGlobal
